// !$*UTF8*$!
{
	archiveVersion = 1;
	classes = {
	};
	objectVersion = 50;
	objects = {

/* Begin PBXBuildFile section */
		5F0A48C02597E62900644F28 /* MonsterTraits.swift in Sources */ = {isa = PBXBuildFile; fileRef = 5F0A48BF2597E62900644F28 /* MonsterTraits.swift */; };
		5F0A48CE2599EB5600644F28 /* SearchNavigation.swift in Sources */ = {isa = PBXBuildFile; fileRef = 5F0A48CD2599EB5600644F28 /* SearchNavigation.swift */; };
		5F1540D3258FF10C00F2C0E4 /* FavoriteButton.swift in Sources */ = {isa = PBXBuildFile; fileRef = 5F1540D2258FF10C00F2C0E4 /* FavoriteButton.swift */; };
		5F1540D8258FFDAA00F2C0E4 /* CreatureDetail.swift in Sources */ = {isa = PBXBuildFile; fileRef = 5F1540D7258FFDAA00F2C0E4 /* CreatureDetail.swift */; };
		5F2C48EA259E27B3004E67F5 /* LabelsModal.swift in Sources */ = {isa = PBXBuildFile; fileRef = 5F2C48E9259E27B3004E67F5 /* LabelsModal.swift */; };
		5F674D1125A792070073729D /* Monster.swift in Sources */ = {isa = PBXBuildFile; fileRef = 5F674D1025A792070073729D /* Monster.swift */; };
		5F674D1625A792400073729D /* Spell.swift in Sources */ = {isa = PBXBuildFile; fileRef = 5F674D1525A792400073729D /* Spell.swift */; };
		5F6AD5C3259111F100AF83AE /* Compendium.xml in Resources */ = {isa = PBXBuildFile; fileRef = 5F6AD5C2259111F100AF83AE /* Compendium.xml */; };
		5F6AD5C8259112A700AF83AE /* Compendium.swift in Sources */ = {isa = PBXBuildFile; fileRef = 5F6AD5C7259112A700AF83AE /* Compendium.swift */; };
		5F7CD9FE259E8F73007A9E5C /* LabelEdit.swift in Sources */ = {isa = PBXBuildFile; fileRef = 5F7CD9FD259E8F73007A9E5C /* LabelEdit.swift */; };
		5F7CDA03259E9000007A9E5C /* Label.swift in Sources */ = {isa = PBXBuildFile; fileRef = 5F7CDA02259E9000007A9E5C /* Label.swift */; };
		5FA82CBF25968ED400D8C9F8 /* MonsterDetail.swift in Sources */ = {isa = PBXBuildFile; fileRef = 5FA82CBE25968ED400D8C9F8 /* MonsterDetail.swift */; };
		5FA82CC425972C7900D8C9F8 /* SpellList.swift in Sources */ = {isa = PBXBuildFile; fileRef = 5FA82CC325972C7900D8C9F8 /* SpellList.swift */; };
		5FA82CCC25973D2200D8C9F8 /* SpellRow.swift in Sources */ = {isa = PBXBuildFile; fileRef = 5FA82CCB25973D2200D8C9F8 /* SpellRow.swift */; };
		5FA82CD125975E4200D8C9F8 /* MonsterList.swift in Sources */ = {isa = PBXBuildFile; fileRef = 5FA82CD025975E4200D8C9F8 /* MonsterList.swift */; };
		5FA82CD6259760DE00D8C9F8 /* MonsterRow.swift in Sources */ = {isa = PBXBuildFile; fileRef = 5FA82CD5259760DE00D8C9F8 /* MonsterRow.swift */; };
		5FC0201225967A5C00F1FF58 /* SpellDetail.swift in Sources */ = {isa = PBXBuildFile; fileRef = 5FC0201125967A5C00F1FF58 /* SpellDetail.swift */; };
		5FD5DC772584E0A400A6C559 /* DnDFightAssistApp.swift in Sources */ = {isa = PBXBuildFile; fileRef = 5FD5DC762584E0A400A6C559 /* DnDFightAssistApp.swift */; };
		5FD5DC792584E0A400A6C559 /* ContentView.swift in Sources */ = {isa = PBXBuildFile; fileRef = 5FD5DC782584E0A400A6C559 /* ContentView.swift */; };
		5FD5DC7B2584E0A500A6C559 /* Assets.xcassets in Resources */ = {isa = PBXBuildFile; fileRef = 5FD5DC7A2584E0A500A6C559 /* Assets.xcassets */; };
		5FD5DC7E2584E0A500A6C559 /* Preview Assets.xcassets in Resources */ = {isa = PBXBuildFile; fileRef = 5FD5DC7D2584E0A500A6C559 /* Preview Assets.xcassets */; };
		5FD5DC892584E0A500A6C559 /* DnDFightAssistTests.swift in Sources */ = {isa = PBXBuildFile; fileRef = 5FD5DC882584E0A500A6C559 /* DnDFightAssistTests.swift */; };
		5FD5DC942584E0A500A6C559 /* DnDFightAssistUITests.swift in Sources */ = {isa = PBXBuildFile; fileRef = 5FD5DC932584E0A500A6C559 /* DnDFightAssistUITests.swift */; };
		5FD5DCCB2584F3B400A6C559 /* Creature.swift in Sources */ = {isa = PBXBuildFile; fileRef = 5FD5DCCA2584F3B400A6C559 /* Creature.swift */; };
		5FD5DCE02584F8B000A6C559 /* ModelData.swift in Sources */ = {isa = PBXBuildFile; fileRef = 5FD5DCDF2584F8B000A6C559 /* ModelData.swift */; };
		5FD5DCE82585168E00A6C559 /* Creatures.json in Resources */ = {isa = PBXBuildFile; fileRef = 5FD5DCE72585168E00A6C559 /* Creatures.json */; };
		5FD5DCED2585176D00A6C559 /* CreatureRow.swift in Sources */ = {isa = PBXBuildFile; fileRef = 5FD5DCEC2585176D00A6C559 /* CreatureRow.swift */; };
/* End PBXBuildFile section */

/* Begin PBXContainerItemProxy section */
		5FD5DC852584E0A500A6C559 /* PBXContainerItemProxy */ = {
			isa = PBXContainerItemProxy;
			containerPortal = 5FD5DC6B2584E0A400A6C559 /* Project object */;
			proxyType = 1;
			remoteGlobalIDString = 5FD5DC722584E0A400A6C559;
			remoteInfo = DnDFightAssist;
		};
		5FD5DC902584E0A500A6C559 /* PBXContainerItemProxy */ = {
			isa = PBXContainerItemProxy;
			containerPortal = 5FD5DC6B2584E0A400A6C559 /* Project object */;
			proxyType = 1;
			remoteGlobalIDString = 5FD5DC722584E0A400A6C559;
			remoteInfo = DnDFightAssist;
		};
/* End PBXContainerItemProxy section */

/* Begin PBXFileReference section */
		5F0A48BF2597E62900644F28 /* MonsterTraits.swift */ = {isa = PBXFileReference; lastKnownFileType = sourcecode.swift; path = MonsterTraits.swift; sourceTree = "<group>"; };
		5F0A48CD2599EB5600644F28 /* SearchNavigation.swift */ = {isa = PBXFileReference; lastKnownFileType = sourcecode.swift; path = SearchNavigation.swift; sourceTree = "<group>"; };
		5F1540D2258FF10C00F2C0E4 /* FavoriteButton.swift */ = {isa = PBXFileReference; lastKnownFileType = sourcecode.swift; path = FavoriteButton.swift; sourceTree = "<group>"; };
		5F1540D7258FFDAA00F2C0E4 /* CreatureDetail.swift */ = {isa = PBXFileReference; lastKnownFileType = sourcecode.swift; path = CreatureDetail.swift; sourceTree = "<group>"; };
		5F2C48E9259E27B3004E67F5 /* LabelsModal.swift */ = {isa = PBXFileReference; lastKnownFileType = sourcecode.swift; path = LabelsModal.swift; sourceTree = "<group>"; };
		5F674D1025A792070073729D /* Monster.swift */ = {isa = PBXFileReference; lastKnownFileType = sourcecode.swift; path = Monster.swift; sourceTree = "<group>"; };
		5F674D1525A792400073729D /* Spell.swift */ = {isa = PBXFileReference; lastKnownFileType = sourcecode.swift; path = Spell.swift; sourceTree = "<group>"; };
		5F6AD5C2259111F100AF83AE /* Compendium.xml */ = {isa = PBXFileReference; fileEncoding = 4; lastKnownFileType = text.xml; path = Compendium.xml; sourceTree = "<group>"; };
		5F6AD5C7259112A700AF83AE /* Compendium.swift */ = {isa = PBXFileReference; lastKnownFileType = sourcecode.swift; path = Compendium.swift; sourceTree = "<group>"; };
		5F7CD9FD259E8F73007A9E5C /* LabelEdit.swift */ = {isa = PBXFileReference; lastKnownFileType = sourcecode.swift; path = LabelEdit.swift; sourceTree = "<group>"; };
		5F7CDA02259E9000007A9E5C /* Label.swift */ = {isa = PBXFileReference; lastKnownFileType = sourcecode.swift; path = Label.swift; sourceTree = "<group>"; };
		5FA82CBE25968ED400D8C9F8 /* MonsterDetail.swift */ = {isa = PBXFileReference; lastKnownFileType = sourcecode.swift; path = MonsterDetail.swift; sourceTree = "<group>"; };
		5FA82CC325972C7900D8C9F8 /* SpellList.swift */ = {isa = PBXFileReference; lastKnownFileType = sourcecode.swift; path = SpellList.swift; sourceTree = "<group>"; };
		5FA82CCB25973D2200D8C9F8 /* SpellRow.swift */ = {isa = PBXFileReference; lastKnownFileType = sourcecode.swift; path = SpellRow.swift; sourceTree = "<group>"; };
		5FA82CD025975E4200D8C9F8 /* MonsterList.swift */ = {isa = PBXFileReference; lastKnownFileType = sourcecode.swift; path = MonsterList.swift; sourceTree = "<group>"; };
		5FA82CD5259760DE00D8C9F8 /* MonsterRow.swift */ = {isa = PBXFileReference; lastKnownFileType = sourcecode.swift; path = MonsterRow.swift; sourceTree = "<group>"; };
		5FC0201125967A5C00F1FF58 /* SpellDetail.swift */ = {isa = PBXFileReference; lastKnownFileType = sourcecode.swift; path = SpellDetail.swift; sourceTree = "<group>"; };
		5FD5DC732584E0A400A6C559 /* DnDFightAssist.app */ = {isa = PBXFileReference; explicitFileType = wrapper.application; includeInIndex = 0; path = DnDFightAssist.app; sourceTree = BUILT_PRODUCTS_DIR; };
		5FD5DC762584E0A400A6C559 /* DnDFightAssistApp.swift */ = {isa = PBXFileReference; lastKnownFileType = sourcecode.swift; path = DnDFightAssistApp.swift; sourceTree = "<group>"; };
		5FD5DC782584E0A400A6C559 /* ContentView.swift */ = {isa = PBXFileReference; lastKnownFileType = sourcecode.swift; path = ContentView.swift; sourceTree = "<group>"; };
		5FD5DC7A2584E0A500A6C559 /* Assets.xcassets */ = {isa = PBXFileReference; lastKnownFileType = folder.assetcatalog; path = Assets.xcassets; sourceTree = "<group>"; };
		5FD5DC7D2584E0A500A6C559 /* Preview Assets.xcassets */ = {isa = PBXFileReference; lastKnownFileType = folder.assetcatalog; path = "Preview Assets.xcassets"; sourceTree = "<group>"; };
		5FD5DC7F2584E0A500A6C559 /* Info.plist */ = {isa = PBXFileReference; lastKnownFileType = text.plist.xml; path = Info.plist; sourceTree = "<group>"; };
		5FD5DC842584E0A500A6C559 /* DnDFightAssistTests.xctest */ = {isa = PBXFileReference; explicitFileType = wrapper.cfbundle; includeInIndex = 0; path = DnDFightAssistTests.xctest; sourceTree = BUILT_PRODUCTS_DIR; };
		5FD5DC882584E0A500A6C559 /* DnDFightAssistTests.swift */ = {isa = PBXFileReference; lastKnownFileType = sourcecode.swift; path = DnDFightAssistTests.swift; sourceTree = "<group>"; };
		5FD5DC8A2584E0A500A6C559 /* Info.plist */ = {isa = PBXFileReference; lastKnownFileType = text.plist.xml; path = Info.plist; sourceTree = "<group>"; };
		5FD5DC8F2584E0A500A6C559 /* DnDFightAssistUITests.xctest */ = {isa = PBXFileReference; explicitFileType = wrapper.cfbundle; includeInIndex = 0; path = DnDFightAssistUITests.xctest; sourceTree = BUILT_PRODUCTS_DIR; };
		5FD5DC932584E0A500A6C559 /* DnDFightAssistUITests.swift */ = {isa = PBXFileReference; lastKnownFileType = sourcecode.swift; path = DnDFightAssistUITests.swift; sourceTree = "<group>"; };
		5FD5DC952584E0A500A6C559 /* Info.plist */ = {isa = PBXFileReference; lastKnownFileType = text.plist.xml; path = Info.plist; sourceTree = "<group>"; };
		5FD5DCCA2584F3B400A6C559 /* Creature.swift */ = {isa = PBXFileReference; lastKnownFileType = sourcecode.swift; path = Creature.swift; sourceTree = "<group>"; };
		5FD5DCDF2584F8B000A6C559 /* ModelData.swift */ = {isa = PBXFileReference; lastKnownFileType = sourcecode.swift; path = ModelData.swift; sourceTree = "<group>"; };
		5FD5DCE72585168E00A6C559 /* Creatures.json */ = {isa = PBXFileReference; fileEncoding = 4; lastKnownFileType = text.json; path = Creatures.json; sourceTree = "<group>"; };
		5FD5DCEC2585176D00A6C559 /* CreatureRow.swift */ = {isa = PBXFileReference; lastKnownFileType = sourcecode.swift; path = CreatureRow.swift; sourceTree = "<group>"; };
/* End PBXFileReference section */

/* Begin PBXFrameworksBuildPhase section */
		5FD5DC702584E0A400A6C559 /* Frameworks */ = {
			isa = PBXFrameworksBuildPhase;
			buildActionMask = 2147483647;
			files = (
			);
			runOnlyForDeploymentPostprocessing = 0;
		};
		5FD5DC812584E0A500A6C559 /* Frameworks */ = {
			isa = PBXFrameworksBuildPhase;
			buildActionMask = 2147483647;
			files = (
			);
			runOnlyForDeploymentPostprocessing = 0;
		};
		5FD5DC8C2584E0A500A6C559 /* Frameworks */ = {
			isa = PBXFrameworksBuildPhase;
			buildActionMask = 2147483647;
			files = (
			);
			runOnlyForDeploymentPostprocessing = 0;
		};
/* End PBXFrameworksBuildPhase section */

/* Begin PBXGroup section */
		5FD5DC6A2584E0A400A6C559 = {
			isa = PBXGroup;
			children = (
				5FD5DC752584E0A400A6C559 /* DnDFightAssist */,
				5FD5DC872584E0A500A6C559 /* DnDFightAssistTests */,
				5FD5DC922584E0A500A6C559 /* DnDFightAssistUITests */,
				5FD5DC742584E0A400A6C559 /* Products */,
			);
			sourceTree = "<group>";
		};
		5FD5DC742584E0A400A6C559 /* Products */ = {
			isa = PBXGroup;
			children = (
				5FD5DC732584E0A400A6C559 /* DnDFightAssist.app */,
				5FD5DC842584E0A500A6C559 /* DnDFightAssistTests.xctest */,
				5FD5DC8F2584E0A500A6C559 /* DnDFightAssistUITests.xctest */,
			);
			name = Products;
			sourceTree = "<group>";
		};
		5FD5DC752584E0A400A6C559 /* DnDFightAssist */ = {
			isa = PBXGroup;
			children = (
				5FD5DCC42584F2E400A6C559 /* Resources */,
				5FD5DCB02584F25600A6C559 /* Views */,
				5FD5DCAD2584F22200A6C559 /* Model */,
				5FD5DC762584E0A400A6C559 /* DnDFightAssistApp.swift */,
				5FD5DC7A2584E0A500A6C559 /* Assets.xcassets */,
				5FD5DC7F2584E0A500A6C559 /* Info.plist */,
				5FD5DC7C2584E0A500A6C559 /* Preview Content */,
			);
			path = DnDFightAssist;
			sourceTree = "<group>";
		};
		5FD5DC7C2584E0A500A6C559 /* Preview Content */ = {
			isa = PBXGroup;
			children = (
				5FD5DC7D2584E0A500A6C559 /* Preview Assets.xcassets */,
			);
			path = "Preview Content";
			sourceTree = "<group>";
		};
		5FD5DC872584E0A500A6C559 /* DnDFightAssistTests */ = {
			isa = PBXGroup;
			children = (
				5FD5DC882584E0A500A6C559 /* DnDFightAssistTests.swift */,
				5FD5DC8A2584E0A500A6C559 /* Info.plist */,
			);
			path = DnDFightAssistTests;
			sourceTree = "<group>";
		};
		5FD5DC922584E0A500A6C559 /* DnDFightAssistUITests */ = {
			isa = PBXGroup;
			children = (
				5FD5DC932584E0A500A6C559 /* DnDFightAssistUITests.swift */,
				5FD5DC952584E0A500A6C559 /* Info.plist */,
			);
			path = DnDFightAssistUITests;
			sourceTree = "<group>";
		};
		5FD5DCAD2584F22200A6C559 /* Model */ = {
			isa = PBXGroup;
			children = (
				5FD5DCCA2584F3B400A6C559 /* Creature.swift */,
				5FD5DCDF2584F8B000A6C559 /* ModelData.swift */,
				5F6AD5C7259112A700AF83AE /* Compendium.swift */,
				5F7CDA02259E9000007A9E5C /* Label.swift */,
				5F674D1025A792070073729D /* Monster.swift */,
				5F674D1525A792400073729D /* Spell.swift */,
			);
			path = Model;
			sourceTree = "<group>";
		};
		5FD5DCB02584F25600A6C559 /* Views */ = {
			isa = PBXGroup;
			children = (
				5FD5DC782584E0A400A6C559 /* ContentView.swift */,
				5FD5DCEC2585176D00A6C559 /* CreatureRow.swift */,
				5F1540D2258FF10C00F2C0E4 /* FavoriteButton.swift */,
				5F1540D7258FFDAA00F2C0E4 /* CreatureDetail.swift */,
				5FC0201125967A5C00F1FF58 /* SpellDetail.swift */,
				5FA82CBE25968ED400D8C9F8 /* MonsterDetail.swift */,
				5FA82CC325972C7900D8C9F8 /* SpellList.swift */,
				5FA82CCB25973D2200D8C9F8 /* SpellRow.swift */,
				5FA82CD025975E4200D8C9F8 /* MonsterList.swift */,
				5FA82CD5259760DE00D8C9F8 /* MonsterRow.swift */,
				5F0A48BF2597E62900644F28 /* MonsterTraits.swift */,
				5F0A48CD2599EB5600644F28 /* SearchNavigation.swift */,
				5F2C48E9259E27B3004E67F5 /* LabelsModal.swift */,
				5F7CD9FD259E8F73007A9E5C /* LabelEdit.swift */,
			);
			path = Views;
			sourceTree = "<group>";
		};
		5FD5DCC42584F2E400A6C559 /* Resources */ = {
			isa = PBXGroup;
			children = (
				5F6AD5C2259111F100AF83AE /* Compendium.xml */,
				5FD5DCE72585168E00A6C559 /* Creatures.json */,
			);
			path = Resources;
			sourceTree = "<group>";
		};
/* End PBXGroup section */

/* Begin PBXNativeTarget section */
		5FD5DC722584E0A400A6C559 /* DnDFightAssist */ = {
			isa = PBXNativeTarget;
			buildConfigurationList = 5FD5DC982584E0A500A6C559 /* Build configuration list for PBXNativeTarget "DnDFightAssist" */;
			buildPhases = (
				5FD5DC6F2584E0A400A6C559 /* Sources */,
				5FD5DC702584E0A400A6C559 /* Frameworks */,
				5FD5DC712584E0A400A6C559 /* Resources */,
			);
			buildRules = (
			);
			dependencies = (
			);
			name = DnDFightAssist;
			productName = DnDFightAssist;
			productReference = 5FD5DC732584E0A400A6C559 /* DnDFightAssist.app */;
			productType = "com.apple.product-type.application";
		};
		5FD5DC832584E0A500A6C559 /* DnDFightAssistTests */ = {
			isa = PBXNativeTarget;
			buildConfigurationList = 5FD5DC9B2584E0A500A6C559 /* Build configuration list for PBXNativeTarget "DnDFightAssistTests" */;
			buildPhases = (
				5FD5DC802584E0A500A6C559 /* Sources */,
				5FD5DC812584E0A500A6C559 /* Frameworks */,
				5FD5DC822584E0A500A6C559 /* Resources */,
			);
			buildRules = (
			);
			dependencies = (
				5FD5DC862584E0A500A6C559 /* PBXTargetDependency */,
			);
			name = DnDFightAssistTests;
			productName = DnDFightAssistTests;
			productReference = 5FD5DC842584E0A500A6C559 /* DnDFightAssistTests.xctest */;
			productType = "com.apple.product-type.bundle.unit-test";
		};
		5FD5DC8E2584E0A500A6C559 /* DnDFightAssistUITests */ = {
			isa = PBXNativeTarget;
			buildConfigurationList = 5FD5DC9E2584E0A500A6C559 /* Build configuration list for PBXNativeTarget "DnDFightAssistUITests" */;
			buildPhases = (
				5FD5DC8B2584E0A500A6C559 /* Sources */,
				5FD5DC8C2584E0A500A6C559 /* Frameworks */,
				5FD5DC8D2584E0A500A6C559 /* Resources */,
			);
			buildRules = (
			);
			dependencies = (
				5FD5DC912584E0A500A6C559 /* PBXTargetDependency */,
			);
			name = DnDFightAssistUITests;
			productName = DnDFightAssistUITests;
			productReference = 5FD5DC8F2584E0A500A6C559 /* DnDFightAssistUITests.xctest */;
			productType = "com.apple.product-type.bundle.ui-testing";
		};
/* End PBXNativeTarget section */

/* Begin PBXProject section */
		5FD5DC6B2584E0A400A6C559 /* Project object */ = {
			isa = PBXProject;
			attributes = {
				LastSwiftUpdateCheck = 1210;
				LastUpgradeCheck = 1210;
				TargetAttributes = {
					5FD5DC722584E0A400A6C559 = {
						CreatedOnToolsVersion = 12.1;
					};
					5FD5DC832584E0A500A6C559 = {
						CreatedOnToolsVersion = 12.1;
						TestTargetID = 5FD5DC722584E0A400A6C559;
					};
					5FD5DC8E2584E0A500A6C559 = {
						CreatedOnToolsVersion = 12.1;
						TestTargetID = 5FD5DC722584E0A400A6C559;
					};
				};
			};
			buildConfigurationList = 5FD5DC6E2584E0A400A6C559 /* Build configuration list for PBXProject "DnDFightAssist" */;
			compatibilityVersion = "Xcode 9.3";
			developmentRegion = en;
			hasScannedForEncodings = 0;
			knownRegions = (
				en,
				Base,
			);
			mainGroup = 5FD5DC6A2584E0A400A6C559;
			productRefGroup = 5FD5DC742584E0A400A6C559 /* Products */;
			projectDirPath = "";
			projectRoot = "";
			targets = (
				5FD5DC722584E0A400A6C559 /* DnDFightAssist */,
				5FD5DC832584E0A500A6C559 /* DnDFightAssistTests */,
				5FD5DC8E2584E0A500A6C559 /* DnDFightAssistUITests */,
			);
		};
/* End PBXProject section */

/* Begin PBXResourcesBuildPhase section */
		5FD5DC712584E0A400A6C559 /* Resources */ = {
			isa = PBXResourcesBuildPhase;
			buildActionMask = 2147483647;
			files = (
				5FD5DCE82585168E00A6C559 /* Creatures.json in Resources */,
				5FD5DC7E2584E0A500A6C559 /* Preview Assets.xcassets in Resources */,
				5F6AD5C3259111F100AF83AE /* Compendium.xml in Resources */,
				5FD5DC7B2584E0A500A6C559 /* Assets.xcassets in Resources */,
			);
			runOnlyForDeploymentPostprocessing = 0;
		};
		5FD5DC822584E0A500A6C559 /* Resources */ = {
			isa = PBXResourcesBuildPhase;
			buildActionMask = 2147483647;
			files = (
			);
			runOnlyForDeploymentPostprocessing = 0;
		};
		5FD5DC8D2584E0A500A6C559 /* Resources */ = {
			isa = PBXResourcesBuildPhase;
			buildActionMask = 2147483647;
			files = (
			);
			runOnlyForDeploymentPostprocessing = 0;
		};
/* End PBXResourcesBuildPhase section */

/* Begin PBXSourcesBuildPhase section */
		5FD5DC6F2584E0A400A6C559 /* Sources */ = {
			isa = PBXSourcesBuildPhase;
			buildActionMask = 2147483647;
			files = (
				5F674D1125A792070073729D /* Monster.swift in Sources */,
				5FD5DC792584E0A400A6C559 /* ContentView.swift in Sources */,
				5F2C48EA259E27B3004E67F5 /* LabelsModal.swift in Sources */,
				5FA82CCC25973D2200D8C9F8 /* SpellRow.swift in Sources */,
				5FA82CD125975E4200D8C9F8 /* MonsterList.swift in Sources */,
				5FD5DCE02584F8B000A6C559 /* ModelData.swift in Sources */,
				5FD5DC772584E0A400A6C559 /* DnDFightAssistApp.swift in Sources */,
				5FA82CD6259760DE00D8C9F8 /* MonsterRow.swift in Sources */,
				5FA82CBF25968ED400D8C9F8 /* MonsterDetail.swift in Sources */,
				5F7CD9FE259E8F73007A9E5C /* LabelEdit.swift in Sources */,
				5F7CDA03259E9000007A9E5C /* Label.swift in Sources */,
				5FA82CC425972C7900D8C9F8 /* SpellList.swift in Sources */,
				5F0A48CE2599EB5600644F28 /* SearchNavigation.swift in Sources */,
				5F1540D3258FF10C00F2C0E4 /* FavoriteButton.swift in Sources */,
				5F674D1625A792400073729D /* Spell.swift in Sources */,
				5F6AD5C8259112A700AF83AE /* Compendium.swift in Sources */,
				5F1540D8258FFDAA00F2C0E4 /* CreatureDetail.swift in Sources */,
				5FD5DCCB2584F3B400A6C559 /* Creature.swift in Sources */,
				5FC0201225967A5C00F1FF58 /* SpellDetail.swift in Sources */,
				5F0A48C02597E62900644F28 /* MonsterTraits.swift in Sources */,
				5FD5DCED2585176D00A6C559 /* CreatureRow.swift in Sources */,
			);
			runOnlyForDeploymentPostprocessing = 0;
		};
		5FD5DC802584E0A500A6C559 /* Sources */ = {
			isa = PBXSourcesBuildPhase;
			buildActionMask = 2147483647;
			files = (
				5FD5DC892584E0A500A6C559 /* DnDFightAssistTests.swift in Sources */,
			);
			runOnlyForDeploymentPostprocessing = 0;
		};
		5FD5DC8B2584E0A500A6C559 /* Sources */ = {
			isa = PBXSourcesBuildPhase;
			buildActionMask = 2147483647;
			files = (
				5FD5DC942584E0A500A6C559 /* DnDFightAssistUITests.swift in Sources */,
			);
			runOnlyForDeploymentPostprocessing = 0;
		};
/* End PBXSourcesBuildPhase section */

/* Begin PBXTargetDependency section */
		5FD5DC862584E0A500A6C559 /* PBXTargetDependency */ = {
			isa = PBXTargetDependency;
			target = 5FD5DC722584E0A400A6C559 /* DnDFightAssist */;
			targetProxy = 5FD5DC852584E0A500A6C559 /* PBXContainerItemProxy */;
		};
		5FD5DC912584E0A500A6C559 /* PBXTargetDependency */ = {
			isa = PBXTargetDependency;
			target = 5FD5DC722584E0A400A6C559 /* DnDFightAssist */;
			targetProxy = 5FD5DC902584E0A500A6C559 /* PBXContainerItemProxy */;
		};
/* End PBXTargetDependency section */

/* Begin XCBuildConfiguration section */
		5FD5DC962584E0A500A6C559 /* Debug */ = {
			isa = XCBuildConfiguration;
			buildSettings = {
				ALWAYS_SEARCH_USER_PATHS = NO;
				CLANG_ANALYZER_NONNULL = YES;
				CLANG_ANALYZER_NUMBER_OBJECT_CONVERSION = YES_AGGRESSIVE;
				CLANG_CXX_LANGUAGE_STANDARD = "gnu++14";
				CLANG_CXX_LIBRARY = "libc++";
				CLANG_ENABLE_MODULES = YES;
				CLANG_ENABLE_OBJC_ARC = YES;
				CLANG_ENABLE_OBJC_WEAK = YES;
				CLANG_WARN_BLOCK_CAPTURE_AUTORELEASING = YES;
				CLANG_WARN_BOOL_CONVERSION = YES;
				CLANG_WARN_COMMA = YES;
				CLANG_WARN_CONSTANT_CONVERSION = YES;
				CLANG_WARN_DEPRECATED_OBJC_IMPLEMENTATIONS = YES;
				CLANG_WARN_DIRECT_OBJC_ISA_USAGE = YES_ERROR;
				CLANG_WARN_DOCUMENTATION_COMMENTS = YES;
				CLANG_WARN_EMPTY_BODY = YES;
				CLANG_WARN_ENUM_CONVERSION = YES;
				CLANG_WARN_INFINITE_RECURSION = YES;
				CLANG_WARN_INT_CONVERSION = YES;
				CLANG_WARN_NON_LITERAL_NULL_CONVERSION = YES;
				CLANG_WARN_OBJC_IMPLICIT_RETAIN_SELF = YES;
				CLANG_WARN_OBJC_LITERAL_CONVERSION = YES;
				CLANG_WARN_OBJC_ROOT_CLASS = YES_ERROR;
				CLANG_WARN_QUOTED_INCLUDE_IN_FRAMEWORK_HEADER = YES;
				CLANG_WARN_RANGE_LOOP_ANALYSIS = YES;
				CLANG_WARN_STRICT_PROTOTYPES = YES;
				CLANG_WARN_SUSPICIOUS_MOVE = YES;
				CLANG_WARN_UNGUARDED_AVAILABILITY = YES_AGGRESSIVE;
				CLANG_WARN_UNREACHABLE_CODE = YES;
				CLANG_WARN__DUPLICATE_METHOD_MATCH = YES;
				COPY_PHASE_STRIP = NO;
				DEBUG_INFORMATION_FORMAT = dwarf;
				ENABLE_STRICT_OBJC_MSGSEND = YES;
				ENABLE_TESTABILITY = YES;
				GCC_C_LANGUAGE_STANDARD = gnu11;
				GCC_DYNAMIC_NO_PIC = NO;
				GCC_NO_COMMON_BLOCKS = YES;
				GCC_OPTIMIZATION_LEVEL = 0;
				GCC_PREPROCESSOR_DEFINITIONS = (
					"DEBUG=1",
					"$(inherited)",
				);
				GCC_WARN_64_TO_32_BIT_CONVERSION = YES;
				GCC_WARN_ABOUT_RETURN_TYPE = YES_ERROR;
				GCC_WARN_UNDECLARED_SELECTOR = YES;
				GCC_WARN_UNINITIALIZED_AUTOS = YES_AGGRESSIVE;
				GCC_WARN_UNUSED_FUNCTION = YES;
				GCC_WARN_UNUSED_VARIABLE = YES;
				IPHONEOS_DEPLOYMENT_TARGET = 14.1;
				MTL_ENABLE_DEBUG_INFO = INCLUDE_SOURCE;
				MTL_FAST_MATH = YES;
				ONLY_ACTIVE_ARCH = YES;
				SDKROOT = iphoneos;
				SWIFT_ACTIVE_COMPILATION_CONDITIONS = DEBUG;
				SWIFT_OPTIMIZATION_LEVEL = "-Onone";
			};
			name = Debug;
		};
		5FD5DC972584E0A500A6C559 /* Release */ = {
			isa = XCBuildConfiguration;
			buildSettings = {
				ALWAYS_SEARCH_USER_PATHS = NO;
				CLANG_ANALYZER_NONNULL = YES;
				CLANG_ANALYZER_NUMBER_OBJECT_CONVERSION = YES_AGGRESSIVE;
				CLANG_CXX_LANGUAGE_STANDARD = "gnu++14";
				CLANG_CXX_LIBRARY = "libc++";
				CLANG_ENABLE_MODULES = YES;
				CLANG_ENABLE_OBJC_ARC = YES;
				CLANG_ENABLE_OBJC_WEAK = YES;
				CLANG_WARN_BLOCK_CAPTURE_AUTORELEASING = YES;
				CLANG_WARN_BOOL_CONVERSION = YES;
				CLANG_WARN_COMMA = YES;
				CLANG_WARN_CONSTANT_CONVERSION = YES;
				CLANG_WARN_DEPRECATED_OBJC_IMPLEMENTATIONS = YES;
				CLANG_WARN_DIRECT_OBJC_ISA_USAGE = YES_ERROR;
				CLANG_WARN_DOCUMENTATION_COMMENTS = YES;
				CLANG_WARN_EMPTY_BODY = YES;
				CLANG_WARN_ENUM_CONVERSION = YES;
				CLANG_WARN_INFINITE_RECURSION = YES;
				CLANG_WARN_INT_CONVERSION = YES;
				CLANG_WARN_NON_LITERAL_NULL_CONVERSION = YES;
				CLANG_WARN_OBJC_IMPLICIT_RETAIN_SELF = YES;
				CLANG_WARN_OBJC_LITERAL_CONVERSION = YES;
				CLANG_WARN_OBJC_ROOT_CLASS = YES_ERROR;
				CLANG_WARN_QUOTED_INCLUDE_IN_FRAMEWORK_HEADER = YES;
				CLANG_WARN_RANGE_LOOP_ANALYSIS = YES;
				CLANG_WARN_STRICT_PROTOTYPES = YES;
				CLANG_WARN_SUSPICIOUS_MOVE = YES;
				CLANG_WARN_UNGUARDED_AVAILABILITY = YES_AGGRESSIVE;
				CLANG_WARN_UNREACHABLE_CODE = YES;
				CLANG_WARN__DUPLICATE_METHOD_MATCH = YES;
				COPY_PHASE_STRIP = NO;
				DEBUG_INFORMATION_FORMAT = "dwarf-with-dsym";
				ENABLE_NS_ASSERTIONS = NO;
				ENABLE_STRICT_OBJC_MSGSEND = YES;
				GCC_C_LANGUAGE_STANDARD = gnu11;
				GCC_NO_COMMON_BLOCKS = YES;
				GCC_WARN_64_TO_32_BIT_CONVERSION = YES;
				GCC_WARN_ABOUT_RETURN_TYPE = YES_ERROR;
				GCC_WARN_UNDECLARED_SELECTOR = YES;
				GCC_WARN_UNINITIALIZED_AUTOS = YES_AGGRESSIVE;
				GCC_WARN_UNUSED_FUNCTION = YES;
				GCC_WARN_UNUSED_VARIABLE = YES;
				IPHONEOS_DEPLOYMENT_TARGET = 14.1;
				MTL_ENABLE_DEBUG_INFO = NO;
				MTL_FAST_MATH = YES;
				SDKROOT = iphoneos;
				SWIFT_COMPILATION_MODE = wholemodule;
				SWIFT_OPTIMIZATION_LEVEL = "-O";
				VALIDATE_PRODUCT = YES;
			};
			name = Release;
		};
		5FD5DC992584E0A500A6C559 /* Debug */ = {
			isa = XCBuildConfiguration;
			buildSettings = {
				ASSETCATALOG_COMPILER_APPICON_NAME = AppIcon;
				ASSETCATALOG_COMPILER_GLOBAL_ACCENT_COLOR_NAME = AccentColor;
				CODE_SIGN_STYLE = Automatic;
				DEVELOPMENT_ASSET_PATHS = "\"DnDFightAssist/Preview Content\"";
				DEVELOPMENT_TEAM = 3Y9RYCJNJ3;
				ENABLE_PREVIEWS = YES;
				INFOPLIST_FILE = DnDFightAssist/Info.plist;
				IPHONEOS_DEPLOYMENT_TARGET = 14.0;
				LD_RUNPATH_SEARCH_PATHS = (
					"$(inherited)",
					"@executable_path/Frameworks",
				);
				PRODUCT_BUNDLE_IDENTIFIER = stepan.kizim.DnDFightAssist;
				PRODUCT_NAME = "$(TARGET_NAME)";
				SWIFT_VERSION = 5.0;
				TARGETED_DEVICE_FAMILY = "1,2";
			};
			name = Debug;
		};
		5FD5DC9A2584E0A500A6C559 /* Release */ = {
			isa = XCBuildConfiguration;
			buildSettings = {
				ASSETCATALOG_COMPILER_APPICON_NAME = AppIcon;
				ASSETCATALOG_COMPILER_GLOBAL_ACCENT_COLOR_NAME = AccentColor;
				CODE_SIGN_STYLE = Automatic;
				DEVELOPMENT_ASSET_PATHS = "\"DnDFightAssist/Preview Content\"";
				DEVELOPMENT_TEAM = 3Y9RYCJNJ3;
				ENABLE_PREVIEWS = YES;
				INFOPLIST_FILE = DnDFightAssist/Info.plist;
				IPHONEOS_DEPLOYMENT_TARGET = 14.0;
				LD_RUNPATH_SEARCH_PATHS = (
					"$(inherited)",
					"@executable_path/Frameworks",
				);
				PRODUCT_BUNDLE_IDENTIFIER = stepan.kizim.DnDFightAssist;
				PRODUCT_NAME = "$(TARGET_NAME)";
				SWIFT_VERSION = 5.0;
				TARGETED_DEVICE_FAMILY = "1,2";
			};
			name = Release;
		};
		5FD5DC9C2584E0A500A6C559 /* Debug */ = {
			isa = XCBuildConfiguration;
			buildSettings = {
				ALWAYS_EMBED_SWIFT_STANDARD_LIBRARIES = YES;
				BUNDLE_LOADER = "$(TEST_HOST)";
				CODE_SIGN_STYLE = Automatic;
				DEVELOPMENT_TEAM = 3Y9RYCJNJ3;
				INFOPLIST_FILE = DnDFightAssistTests/Info.plist;
				IPHONEOS_DEPLOYMENT_TARGET = 14.0;
				LD_RUNPATH_SEARCH_PATHS = (
					"$(inherited)",
					"@executable_path/Frameworks",
					"@loader_path/Frameworks",
				);
				PRODUCT_BUNDLE_IDENTIFIER = stepan.kizim.DnDFightAssistTests;
				PRODUCT_NAME = "$(TARGET_NAME)";
				SWIFT_VERSION = 5.0;
				TARGETED_DEVICE_FAMILY = "1,2";
				TEST_HOST = "$(BUILT_PRODUCTS_DIR)/DnDFightAssist.app/DnDFightAssist";
			};
			name = Debug;
		};
		5FD5DC9D2584E0A500A6C559 /* Release */ = {
			isa = XCBuildConfiguration;
			buildSettings = {
				ALWAYS_EMBED_SWIFT_STANDARD_LIBRARIES = YES;
				BUNDLE_LOADER = "$(TEST_HOST)";
				CODE_SIGN_STYLE = Automatic;
				DEVELOPMENT_TEAM = 3Y9RYCJNJ3;
				INFOPLIST_FILE = DnDFightAssistTests/Info.plist;
				IPHONEOS_DEPLOYMENT_TARGET = 14.0;
				LD_RUNPATH_SEARCH_PATHS = (
					"$(inherited)",
					"@executable_path/Frameworks",
					"@loader_path/Frameworks",
				);
				PRODUCT_BUNDLE_IDENTIFIER = stepan.kizim.DnDFightAssistTests;
				PRODUCT_NAME = "$(TARGET_NAME)";
				SWIFT_VERSION = 5.0;
				TARGETED_DEVICE_FAMILY = "1,2";
				TEST_HOST = "$(BUILT_PRODUCTS_DIR)/DnDFightAssist.app/DnDFightAssist";
			};
			name = Release;
		};
		5FD5DC9F2584E0A500A6C559 /* Debug */ = {
			isa = XCBuildConfiguration;
			buildSettings = {
				ALWAYS_EMBED_SWIFT_STANDARD_LIBRARIES = YES;
				CODE_SIGN_STYLE = Automatic;
				DEVELOPMENT_TEAM = 3Y9RYCJNJ3;
				INFOPLIST_FILE = DnDFightAssistUITests/Info.plist;
				LD_RUNPATH_SEARCH_PATHS = (
					"$(inherited)",
					"@executable_path/Frameworks",
					"@loader_path/Frameworks",
				);
				PRODUCT_BUNDLE_IDENTIFIER = stepan.kizim.DnDFightAssistUITests;
				PRODUCT_NAME = "$(TARGET_NAME)";
				SWIFT_VERSION = 5.0;
				TARGETED_DEVICE_FAMILY = "1,2";
				TEST_TARGET_NAME = DnDFightAssist;
			};
			name = Debug;
		};
		5FD5DCA02584E0A500A6C559 /* Release */ = {
			isa = XCBuildConfiguration;
			buildSettings = {
				ALWAYS_EMBED_SWIFT_STANDARD_LIBRARIES = YES;
				CODE_SIGN_STYLE = Automatic;
				DEVELOPMENT_TEAM = 3Y9RYCJNJ3;
				INFOPLIST_FILE = DnDFightAssistUITests/Info.plist;
				LD_RUNPATH_SEARCH_PATHS = (
					"$(inherited)",
					"@executable_path/Frameworks",
					"@loader_path/Frameworks",
				);
				PRODUCT_BUNDLE_IDENTIFIER = stepan.kizim.DnDFightAssistUITests;
				PRODUCT_NAME = "$(TARGET_NAME)";
				SWIFT_VERSION = 5.0;
				TARGETED_DEVICE_FAMILY = "1,2";
				TEST_TARGET_NAME = DnDFightAssist;
			};
			name = Release;
		};
/* End XCBuildConfiguration section */

/* Begin XCConfigurationList section */
		5FD5DC6E2584E0A400A6C559 /* Build configuration list for PBXProject "DnDFightAssist" */ = {
			isa = XCConfigurationList;
			buildConfigurations = (
				5FD5DC962584E0A500A6C559 /* Debug */,
				5FD5DC972584E0A500A6C559 /* Release */,
			);
			defaultConfigurationIsVisible = 0;
			defaultConfigurationName = Release;
		};
		5FD5DC982584E0A500A6C559 /* Build configuration list for PBXNativeTarget "DnDFightAssist" */ = {
			isa = XCConfigurationList;
			buildConfigurations = (
				5FD5DC992584E0A500A6C559 /* Debug */,
				5FD5DC9A2584E0A500A6C559 /* Release */,
			);
			defaultConfigurationIsVisible = 0;
			defaultConfigurationName = Release;
		};
		5FD5DC9B2584E0A500A6C559 /* Build configuration list for PBXNativeTarget "DnDFightAssistTests" */ = {
			isa = XCConfigurationList;
			buildConfigurations = (
				5FD5DC9C2584E0A500A6C559 /* Debug */,
				5FD5DC9D2584E0A500A6C559 /* Release */,
			);
			defaultConfigurationIsVisible = 0;
			defaultConfigurationName = Release;
		};
		5FD5DC9E2584E0A500A6C559 /* Build configuration list for PBXNativeTarget "DnDFightAssistUITests" */ = {
			isa = XCConfigurationList;
			buildConfigurations = (
				5FD5DC9F2584E0A500A6C559 /* Debug */,
				5FD5DCA02584E0A500A6C559 /* Release */,
			);
			defaultConfigurationIsVisible = 0;
			defaultConfigurationName = Release;
		};
/* End XCConfigurationList section */
	};
	rootObject = 5FD5DC6B2584E0A400A6C559 /* Project object */;
}
